api_key: admin
galaxy_instance: http://localhost:8080
install_repository_dependencies: true
install_resolver_dependencies: true
install_tool_dependencies: false

tools:

# Quality Control

- changeset_revision:
  - ff9530579d1f
  name: fastqc
  owner: devteam
  tool_panel_section_label: "Quality Control"

- changeset_revision:
  - 5e4080791d90
  name: multiqc
  owner: engineson
  tool_panel_section_label: "Quality Control"

- changeset_revision:
  - 949f01671246
  name: trim_galore
  owner: bgruening
  tool_panel_section_label: "Quality Control"

- changeset_revision:
  - dfa082f84068
  name: trimmomatic
  owner: pjbriggs
  tool_panel_section_label: "Quality Control"

# Utilities

- changeset_revision:
  - 5b673ccc8747
  name: suite_samtools_1_2
  owner: devteam
  
  tool_panel_section_label: "Utilities"

- changeset_revision:
  - 33c3ddea63c5
  name: bedtools
  owner: iuc
  tool_panel_section_label: "Utilities"

# deepTools

- changeset_revision:
  - 9552ff2e2634
  name: suite_deeptools
  owner: bgruening
  changeset_revision: 9552ff2e2634
  tool_panel_section_label: "deepTools"

# RNA-Seq

#- name: cummerbund
#  owner: devteam
#  tool_panel_section_label: "RNA-Seq"

#- name: cummerbund_to_tabular
#  owner: devteam
#  tool_panel_section_label: "RNA-Seq"

- changeset_revision:
  - 40e1083a4430
  name: hisat2
  owner: iuc
  tool_panel_section_label: "RNA-Seq"

- changeset_revision:
  - db367d012fa3
  name: segemehl
  owner: rnateam
  tool_panel_section_label: "RNA-Seq"

- changeset_revision:
  - 16c4255042be
  name: tophat2
  owner: devteam
  tool_panel_section_label: "RNA-Seq"

- changeset_revision:
  - e803ca6407c0
  name: featurecounts
  owner: iuc
  tool_panel_section_label: "RNA-Seq"

- changeset_revision:
  - 3660c9088494
  name: deseq2
  owner: iuc
  tool_panel_section_label: "RNA-Seq"

- changeset_revision:
  - f1368427a79c
  name: htseq_count
  owner: lparsons
  tool_panel_section_label: "RNA-Seq"

- changeset_revision:
  - 6e8b61c54ff3
  name: dexseq
  owner: iuc
  tool_panel_section_label: "RNA-Seq"

- changeset_revision:
  - e08a6a009088
  name: suite_cufflinks_2_2_1
  owner: devteam
  tool_panel_section_label: "RNA-Seq"

- changeset_revision:
  - 080fd5739bb4
  name: rseqc
  owner: nilesh
  tool_panel_section_label: "RNA-Seq"

- changeset_revision:
  - 65c38d020fea
  name: sortmerna
  owner: rnateam
  tool_panel_section_label: "RNA-Seq"

- changeset_revision:
  - 7d2252852f96
  name: data_manager_sortmerna_database_downloader
  owner: rnateam
  install_resolver_dependencies: false

- changeset_revision:
  - c4fc8ff6e280
  name: star
  owner: sarahinraauzeville
  tool_panel_section_label: "RNA-Seq"

- changeset_revision:
  - 4f774c1e6049
  name: bwa
  owner: devteam
  tool_panel_section_label: "RNA-Seq"

# RNA Structure Analysis

- changeset_revision:
  - 6aca8446c85c
  name: suite_viennarna
  owner: rnateam
  tool_panel_section_label: "RNA Structure Analysis"

# Graph/Display Data

- changeset_revision:
  - 836d1aa3e89a
  name: jbrowse
  owner: iuc
  tool_panel_section_label: "Graph/Display Data"
